
Microsoft Visual Studio Solution File, Format Version 12.00
# Visual Studio Version 17
VisualStudioVersion = 17.5.33414.496
MinimumVisualStudioVersion = 10.0.40219.1
Project("{FAE04EC0-301F-11D3-BF4B-00C04F79EFBC}") = "WebApplication1", "WebApplication1\WebApplication1.csproj", "{9735FA54-1F1F-47AC-90D5-5E910D736631}"
EndProject
Global
	GlobalSection(SolutionConfigurationPlatforms) = preSolution
		Debug|Any CPU = Debug|Any CPU
		Release|Any CPU = Release|Any CPU
	EndGlobalSection
	GlobalSection(ProjectConfigurationPlatforms) = postSolution
		{9735FA54-1F1F-47AC-90D5-5E910D736631}.Debug|Any CPU.ActiveCfg = Debug|Any CPU
		{9735FA54-1F1F-47AC-90D5-5E910D736631}.Debug|Any CPU.Build.0 = Debug|Any CPU
		{9735FA54-1F1F-47AC-90D5-5E910D736631}.Release|Any CPU.ActiveCfg = Release|Any CPU
		{9735FA54-1F1F-47AC-90D5-5E910D736631}.Release|Any CPU.Build.0 = Release|Any CPU
	EndGlobalSection
	GlobalSection(SolutionProperties) = preSolution
		HideSolutionNode = FALSE
	EndGlobalSection
	GlobalSection(ExtensibilityGlobals) = postSolution
		SolutionGuid = {01C6978E-88F1-4B98-8F9E-3E49A0359853}
	EndGlobalSection
EndGlobal
